{
  "version": 4,
  "terraform_version": "1.7.3",
  "serial": 27,
  "lineage": "f03ab847-8906-2ec7-4acd-c54dace65626",
  "outputs": {},
  "resources": [
    {
      "mode": "managed",
      "type": "aws_internet_gateway",
      "name": "gwTFAssignment1",
      "provider": "provider[\"registry.terraform.io/hashicorp/aws\"]",
      "instances": [
        {
          "schema_version": 0,
          "attributes": {
            "arn": "arn:aws:ec2:ap-south-1:730335487196:internet-gateway/igw-0746285ffe07770e8",
            "id": "igw-0746285ffe07770e8",
            "owner_id": "730335487196",
            "tags": {
              "Name": "gwTFAssinment1"
            },
            "tags_all": {
              "Name": "gwTFAssinment1"
            },
            "timeouts": null,
            "vpc_id": "vpc-00da741b166febdf0"
          },
          "sensitive_attributes": [],
          "private": "eyJlMmJmYjczMC1lY2FhLTExZTYtOGY4OC0zNDM2M2JjN2M0YzAiOnsiY3JlYXRlIjoxMjAwMDAwMDAwMDAwLCJkZWxldGUiOjEyMDAwMDAwMDAwMDAsInVwZGF0ZSI6MTIwMDAwMDAwMDAwMH19",
          "dependencies": [
            "aws_vpc.VPCTFAssignment1"
          ]
        }
      ]
    },
    {
      "mode": "managed",
      "type": "aws_key_pair",
      "name": "key-tf",
      "provider": "provider[\"registry.terraform.io/hashicorp/aws\"]",
      "instances": [
        {
          "schema_version": 1,
          "attributes": {
            "arn": "arn:aws:ec2:ap-south-1:730335487196:key-pair/keypair",
            "fingerprint": "bf:32:7e:75:76:66:5a:f7:e0:2c:ac:5e:9c:5a:82:ce",
            "id": "keypair",
            "key_name": "keypair",
            "key_name_prefix": "",
            "key_pair_id": "key-0e4c9a39ed52e045f",
            "key_type": "rsa",
            "public_key": "ssh-rsa AAAAB3NzaC1yc2EAAAADAQABAAABgQC1Ng3EQgmztKKyqAwGrGRZwz/TFu36KiprTsfIMQMKEc7Us/5+R7PriHmhjqukXmu/+UFSy1vskPFgBGp6Pu+4jTfQAtUVX9ArfWrxxMUrmP7f7Ipe0ld462CCn8cyNHcGzkDK0wu5/9AGQyIMIX+5PzC2qcKecSDPam6L/ep4Kc4DWzNOR+WTk55yjdwzyCpH7L3XlLT6rCKWe+EiCVfGDcIawVd724334ew5lWxDG+lFh0Oo9cOcGzU6ih/aAbELYTJOUSo77ldukgeuKng+E9Gi4UBe41BHFhzYRMLZsXaBIIvfDlL1l5Kiw8AQsCw7dKa41QvMvcZZleDt2o1QZu1nIxtvmi9ZhuuY/LZIvMuIEsoE+GV75fvifd1JtPrWkXhvzFT3n0bXFWKL2E0FyTDcTtvX408ACF1o01olkZRQ5BtOx5vW6NJYQgNEMiUcan8wZH0zJToi7PLduF9uyWRPbP+e79rZf5oh0fvvo4aNMHbcKGYmVhXbAbVYx80= promact@DESKTOP-U1OM304",
            "tags": {},
            "tags_all": {}
          },
          "sensitive_attributes": [],
          "private": "eyJzY2hlbWFfdmVyc2lvbiI6IjEifQ=="
        }
      ]
    },
    {
      "mode": "managed",
      "type": "aws_route_table",
      "name": "RouteTableAssignment1TF",
      "provider": "provider[\"registry.terraform.io/hashicorp/aws\"]",
      "instances": [
        {
          "schema_version": 0,
          "attributes": {
            "arn": "arn:aws:ec2:ap-south-1:730335487196:route-table/rtb-08c5822cde2dc0f11",
            "id": "rtb-08c5822cde2dc0f11",
            "owner_id": "730335487196",
            "propagating_vgws": [],
            "route": [
              {
                "carrier_gateway_id": "",
                "cidr_block": "0.0.0.0/0",
                "core_network_arn": "",
                "destination_prefix_list_id": "",
                "egress_only_gateway_id": "",
                "gateway_id": "igw-0746285ffe07770e8",
                "ipv6_cidr_block": "",
                "local_gateway_id": "",
                "nat_gateway_id": "",
                "network_interface_id": "",
                "transit_gateway_id": "",
                "vpc_endpoint_id": "",
                "vpc_peering_connection_id": ""
              }
            ],
            "tags": {
              "Name": "routeTFAssinment1"
            },
            "tags_all": {
              "Name": "routeTFAssinment1"
            },
            "timeouts": null,
            "vpc_id": "vpc-00da741b166febdf0"
          },
          "sensitive_attributes": [],
          "private": "eyJlMmJmYjczMC1lY2FhLTExZTYtOGY4OC0zNDM2M2JjN2M0YzAiOnsiY3JlYXRlIjozMDAwMDAwMDAwMDAsImRlbGV0ZSI6MzAwMDAwMDAwMDAwLCJ1cGRhdGUiOjEyMDAwMDAwMDAwMH19",
          "dependencies": [
            "aws_internet_gateway.gwTFAssignment1",
            "aws_vpc.VPCTFAssignment1"
          ]
        }
      ]
    },
    {
      "mode": "managed",
      "type": "aws_route_table_association",
      "name": "tableassociationAssignment1",
      "provider": "provider[\"registry.terraform.io/hashicorp/aws\"]",
      "instances": [
        {
          "schema_version": 0,
          "attributes": {
            "gateway_id": "",
            "id": "rtbassoc-047efb27c2961965c",
            "route_table_id": "rtb-08c5822cde2dc0f11",
            "subnet_id": "subnet-060b55fa8ef27cc91",
            "timeouts": null
          },
          "sensitive_attributes": [],
          "private": "eyJlMmJmYjczMC1lY2FhLTExZTYtOGY4OC0zNDM2M2JjN2M0YzAiOnsiY3JlYXRlIjozMDAwMDAwMDAwMDAsImRlbGV0ZSI6MzAwMDAwMDAwMDAwLCJ1cGRhdGUiOjEyMDAwMDAwMDAwMH19",
          "dependencies": [
            "aws_internet_gateway.gwTFAssignment1",
            "aws_route_table.RouteTableAssignment1TF",
            "aws_subnet.subnetTFAssignment1",
            "aws_vpc.VPCTFAssignment1"
          ]
        }
      ]
    },
    {
      "mode": "managed",
      "type": "aws_security_group",
      "name": "SecurityGroupAssignement1TF",
      "provider": "provider[\"registry.terraform.io/hashicorp/aws\"]",
      "instances": [
        {
          "schema_version": 1,
          "attributes": {
            "arn": "arn:aws:ec2:ap-south-1:730335487196:security-group/sg-0c6d9641233afff41",
            "description": "Allow HTTP (port 80) and SSH (port 22) ingress traffic",
            "egress": [
              {
                "cidr_blocks": [
                  "0.0.0.0/0"
                ],
                "description": "",
                "from_port": 0,
                "ipv6_cidr_blocks": [],
                "prefix_list_ids": [],
                "protocol": "-1",
                "security_groups": [],
                "self": false,
                "to_port": 0
              }
            ],
            "id": "sg-0c6d9641233afff41",
            "ingress": [
              {
                "cidr_blocks": [
                  "0.0.0.0/0"
                ],
                "description": "",
                "from_port": 22,
                "ipv6_cidr_blocks": [],
                "prefix_list_ids": [],
                "protocol": "tcp",
                "security_groups": [],
                "self": false,
                "to_port": 22
              },
              {
                "cidr_blocks": [
                  "0.0.0.0/0"
                ],
                "description": "",
                "from_port": 80,
                "ipv6_cidr_blocks": [],
                "prefix_list_ids": [],
                "protocol": "tcp",
                "security_groups": [],
                "self": false,
                "to_port": 80
              }
            ],
            "name": "SecurityGroupAssignement1TF",
            "name_prefix": "",
            "owner_id": "730335487196",
            "revoke_rules_on_delete": false,
            "tags": {},
            "tags_all": {},
            "timeouts": null,
            "vpc_id": "vpc-00da741b166febdf0"
          },
          "sensitive_attributes": [],
          "private": "eyJlMmJmYjczMC1lY2FhLTExZTYtOGY4OC0zNDM2M2JjN2M0YzAiOnsiY3JlYXRlIjo2MDAwMDAwMDAwMDAsImRlbGV0ZSI6OTAwMDAwMDAwMDAwfSwic2NoZW1hX3ZlcnNpb24iOiIxIn0=",
          "dependencies": [
            "aws_vpc.VPCTFAssignment1"
          ]
        }
      ]
    },
    {
      "mode": "managed",
      "type": "aws_subnet",
      "name": "subnetTFAssignment1",
      "provider": "provider[\"registry.terraform.io/hashicorp/aws\"]",
      "instances": [
        {
          "schema_version": 1,
          "attributes": {
            "arn": "arn:aws:ec2:ap-south-1:730335487196:subnet/subnet-060b55fa8ef27cc91",
            "assign_ipv6_address_on_creation": false,
            "availability_zone": "ap-south-1a",
            "availability_zone_id": "aps1-az1",
            "cidr_block": "10.0.1.0/24",
            "customer_owned_ipv4_pool": "",
            "enable_dns64": false,
            "enable_lni_at_device_index": 0,
            "enable_resource_name_dns_a_record_on_launch": false,
            "enable_resource_name_dns_aaaa_record_on_launch": false,
            "id": "subnet-060b55fa8ef27cc91",
            "ipv6_cidr_block": "",
            "ipv6_cidr_block_association_id": "",
            "ipv6_native": false,
            "map_customer_owned_ip_on_launch": false,
            "map_public_ip_on_launch": false,
            "outpost_arn": "",
            "owner_id": "730335487196",
            "private_dns_hostname_type_on_launch": "ip-name",
            "tags": {
              "Name": "subnetTFAssignment1"
            },
            "tags_all": {
              "Name": "subnetTFAssignment1"
            },
            "timeouts": null,
            "vpc_id": "vpc-00da741b166febdf0"
          },
          "sensitive_attributes": [],
          "private": "eyJlMmJmYjczMC1lY2FhLTExZTYtOGY4OC0zNDM2M2JjN2M0YzAiOnsiY3JlYXRlIjo2MDAwMDAwMDAwMDAsImRlbGV0ZSI6MTIwMDAwMDAwMDAwMH0sInNjaGVtYV92ZXJzaW9uIjoiMSJ9",
          "dependencies": [
            "aws_vpc.VPCTFAssignment1"
          ]
        }
      ]
    },
    {
      "mode": "managed",
      "type": "aws_vpc",
      "name": "VPCTFAssignment1",
      "provider": "provider[\"registry.terraform.io/hashicorp/aws\"]",
      "instances": [
        {
          "schema_version": 1,
          "attributes": {
            "arn": "arn:aws:ec2:ap-south-1:730335487196:vpc/vpc-00da741b166febdf0",
            "assign_generated_ipv6_cidr_block": false,
            "cidr_block": "10.0.0.0/16",
            "default_network_acl_id": "acl-0e6d9986f25e19850",
            "default_route_table_id": "rtb-0f79a18038481a276",
            "default_security_group_id": "sg-0a1975137b6318e76",
            "dhcp_options_id": "dopt-07abf5ce04b972dab",
            "enable_dns_hostnames": false,
            "enable_dns_support": true,
            "enable_network_address_usage_metrics": false,
            "id": "vpc-00da741b166febdf0",
            "instance_tenancy": "default",
            "ipv4_ipam_pool_id": null,
            "ipv4_netmask_length": null,
            "ipv6_association_id": "",
            "ipv6_cidr_block": "",
            "ipv6_cidr_block_network_border_group": "",
            "ipv6_ipam_pool_id": "",
            "ipv6_netmask_length": 0,
            "main_route_table_id": "rtb-0f79a18038481a276",
            "owner_id": "730335487196",
            "tags": {
              "Name": "VPCTFAssignment1"
            },
            "tags_all": {
              "Name": "VPCTFAssignment1"
            }
          },
          "sensitive_attributes": [],
          "private": "eyJzY2hlbWFfdmVyc2lvbiI6IjEifQ=="
        }
      ]
    }
  ],
  "check_results": null
}
